
Microsoft Visual Studio Solution File, Format Version 12.00
# Visual Studio Version 17
VisualStudioVersion = 17.6.33815.320
MinimumVisualStudioVersion = 10.0.40219.1
Project("{FAE04EC0-301F-11D3-BF4B-00C04F79EFBC}") = "ConversionType", "ConversionType\ConversionType.csproj", "{EC8F8FFE-1FD4-4F0D-881E-73EBC576323D}"
EndProject
Global
	GlobalSection(SolutionConfigurationPlatforms) = preSolution
		Debug|Any CPU = Debug|Any CPU
		Release|Any CPU = Release|Any CPU
	EndGlobalSection
	GlobalSection(ProjectConfigurationPlatforms) = postSolution
		{EC8F8FFE-1FD4-4F0D-881E-73EBC576323D}.Debug|Any CPU.ActiveCfg = Debug|Any CPU
		{EC8F8FFE-1FD4-4F0D-881E-73EBC576323D}.Debug|Any CPU.Build.0 = Debug|Any CPU
		{EC8F8FFE-1FD4-4F0D-881E-73EBC576323D}.Release|Any CPU.ActiveCfg = Release|Any CPU
		{EC8F8FFE-1FD4-4F0D-881E-73EBC576323D}.Release|Any CPU.Build.0 = Release|Any CPU
	EndGlobalSection
	GlobalSection(SolutionProperties) = preSolution
		HideSolutionNode = FALSE
	EndGlobalSection
	GlobalSection(ExtensibilityGlobals) = postSolution
		SolutionGuid = {7D960922-5F19-432A-BD34-EFA5120AB8EF}
	EndGlobalSection
EndGlobal
